// !$*UTF8*$!
{
	archiveVersion = 1;
	classes = {
	};
	objectVersion = 46;
	objects = {

/* Begin PBXBuildFile section */
		83F6EBF71BCDDA3F009E3C6E /* main.m in Sources */ = {isa = PBXBuildFile; fileRef = 83F6EBF61BCDDA3F009E3C6E /* main.m */; };
		83F6EBFA1BCDDA3F009E3C6E /* AppDelegate.m in Sources */ = {isa = PBXBuildFile; fileRef = 83F6EBF91BCDDA3F009E3C6E /* AppDelegate.m */; };
		83F6EBFD1BCDDA3F009E3C6E /* ViewController.m in Sources */ = {isa = PBXBuildFile; fileRef = 83F6EBFC1BCDDA3F009E3C6E /* ViewController.m */; };
		83F6EC001BCDDA3F009E3C6E /* Main.storyboard in Resources */ = {isa = PBXBuildFile; fileRef = 83F6EBFE1BCDDA3F009E3C6E /* Main.storyboard */; };
		83F6EC021BCDDA3F009E3C6E /* Images.xcassets in Resources */ = {isa = PBXBuildFile; fileRef = 83F6EC011BCDDA3F009E3C6E /* Images.xcassets */; };
		83F6EC051BCDDA3F009E3C6E /* LaunchScreen.xib in Resources */ = {isa = PBXBuildFile; fileRef = 83F6EC031BCDDA3F009E3C6E /* LaunchScreen.xib */; };
		83F6EC111BCDDA3F009E3C6E /* QQWXShareTests.m in Sources */ = {isa = PBXBuildFile; fileRef = 83F6EC101BCDDA3F009E3C6E /* QQWXShareTests.m */; };
		83F6EC1E1BCDDB96009E3C6E /* libWeChatSDK.a in Frameworks */ = {isa = PBXBuildFile; fileRef = 83F6EC1B1BCDDB96009E3C6E /* libWeChatSDK.a */; };
		83F6EC201BCDEA49009E3C6E /* Icon.png in Resources */ = {isa = PBXBuildFile; fileRef = 83F6EC1F1BCDEA49009E3C6E /* Icon.png */; };
		83F6EC241BCDEFFE009E3C6E /* TencentOpenAPI.framework in Frameworks */ = {isa = PBXBuildFile; fileRef = 83F6EC231BCDEFFE009E3C6E /* TencentOpenAPI.framework */; };
		83F6EC2A1BCDF1E9009E3C6E /* SystemConfiguration.framework in Frameworks */ = {isa = PBXBuildFile; fileRef = 83F6EC291BCDF1E9009E3C6E /* SystemConfiguration.framework */; };
		83F6EC341BCDF21E009E3C6E /* libstdc++.dylib in Frameworks */ = {isa = PBXBuildFile; fileRef = 83F6EC331BCDF21E009E3C6E /* libstdc++.dylib */; };
/* End PBXBuildFile section */

/* Begin PBXContainerItemProxy section */
		83F6EC0B1BCDDA3F009E3C6E /* PBXContainerItemProxy */ = {
			isa = PBXContainerItemProxy;
			containerPortal = 83F6EBE91BCDDA3F009E3C6E /* Project object */;
			proxyType = 1;
			remoteGlobalIDString = 83F6EBF01BCDDA3F009E3C6E;
			remoteInfo = QQWXShare;
		};
/* End PBXContainerItemProxy section */

/* Begin PBXFileReference section */
		83F6EBF11BCDDA3F009E3C6E /* QQWXShare.app */ = {isa = PBXFileReference; explicitFileType = wrapper.application; includeInIndex = 0; path = QQWXShare.app; sourceTree = BUILT_PRODUCTS_DIR; };
		83F6EBF51BCDDA3F009E3C6E /* Info.plist */ = {isa = PBXFileReference; lastKnownFileType = text.plist.xml; path = Info.plist; sourceTree = "<group>"; };
		83F6EBF61BCDDA3F009E3C6E /* main.m */ = {isa = PBXFileReference; lastKnownFileType = sourcecode.c.objc; path = main.m; sourceTree = "<group>"; };
		83F6EBF81BCDDA3F009E3C6E /* AppDelegate.h */ = {isa = PBXFileReference; lastKnownFileType = sourcecode.c.h; path = AppDelegate.h; sourceTree = "<group>"; };
		83F6EBF91BCDDA3F009E3C6E /* AppDelegate.m */ = {isa = PBXFileReference; lastKnownFileType = sourcecode.c.objc; path = AppDelegate.m; sourceTree = "<group>"; };
		83F6EBFB1BCDDA3F009E3C6E /* ViewController.h */ = {isa = PBXFileReference; lastKnownFileType = sourcecode.c.h; path = ViewController.h; sourceTree = "<group>"; };
		83F6EBFC1BCDDA3F009E3C6E /* ViewController.m */ = {isa = PBXFileReference; lastKnownFileType = sourcecode.c.objc; path = ViewController.m; sourceTree = "<group>"; };
		83F6EBFF1BCDDA3F009E3C6E /* Base */ = {isa = PBXFileReference; lastKnownFileType = file.storyboard; name = Base; path = Base.lproj/Main.storyboard; sourceTree = "<group>"; };
		83F6EC011BCDDA3F009E3C6E /* Images.xcassets */ = {isa = PBXFileReference; lastKnownFileType = folder.assetcatalog; path = Images.xcassets; sourceTree = "<group>"; };
		83F6EC041BCDDA3F009E3C6E /* Base */ = {isa = PBXFileReference; lastKnownFileType = file.xib; name = Base; path = Base.lproj/LaunchScreen.xib; sourceTree = "<group>"; };
		83F6EC0A1BCDDA3F009E3C6E /* QQWXShareTests.xctest */ = {isa = PBXFileReference; explicitFileType = wrapper.cfbundle; includeInIndex = 0; path = QQWXShareTests.xctest; sourceTree = BUILT_PRODUCTS_DIR; };
		83F6EC0F1BCDDA3F009E3C6E /* Info.plist */ = {isa = PBXFileReference; lastKnownFileType = text.plist.xml; path = Info.plist; sourceTree = "<group>"; };
		83F6EC101BCDDA3F009E3C6E /* QQWXShareTests.m */ = {isa = PBXFileReference; lastKnownFileType = sourcecode.c.objc; path = QQWXShareTests.m; sourceTree = "<group>"; };
		83F6EC1B1BCDDB96009E3C6E /* libWeChatSDK.a */ = {isa = PBXFileReference; lastKnownFileType = archive.ar; path = libWeChatSDK.a; sourceTree = "<group>"; };
		83F6EC1C1BCDDB96009E3C6E /* WXApi.h */ = {isa = PBXFileReference; fileEncoding = 4; lastKnownFileType = sourcecode.c.h; path = WXApi.h; sourceTree = "<group>"; };
		83F6EC1D1BCDDB96009E3C6E /* WXApiObject.h */ = {isa = PBXFileReference; fileEncoding = 4; lastKnownFileType = sourcecode.c.h; path = WXApiObject.h; sourceTree = "<group>"; };
		83F6EC1F1BCDEA49009E3C6E /* Icon.png */ = {isa = PBXFileReference; lastKnownFileType = image.png; name = Icon.png; path = SDKExport/Icon.png; sourceTree = "<group>"; };
		83F6EC231BCDEFFE009E3C6E /* TencentOpenAPI.framework */ = {isa = PBXFileReference; lastKnownFileType = wrapper.framework; path = TencentOpenAPI.framework; sourceTree = "<group>"; };
		83F6EC291BCDF1E9009E3C6E /* SystemConfiguration.framework */ = {isa = PBXFileReference; lastKnownFileType = wrapper.framework; name = SystemConfiguration.framework; path = System/Library/Frameworks/SystemConfiguration.framework; sourceTree = SDKROOT; };
		83F6EC331BCDF21E009E3C6E /* libstdc++.dylib */ = {isa = PBXFileReference; lastKnownFileType = "compiled.mach-o.dylib"; name = "libstdc++.dylib"; path = "usr/lib/libstdc++.dylib"; sourceTree = SDKROOT; };
/* End PBXFileReference section */

/* Begin PBXFrameworksBuildPhase section */
		83F6EBEE1BCDDA3F009E3C6E /* Frameworks */ = {
			isa = PBXFrameworksBuildPhase;
			buildActionMask = 2147483647;
			files = (
				83F6EC341BCDF21E009E3C6E /* libstdc++.dylib in Frameworks */,
				83F6EC2A1BCDF1E9009E3C6E /* SystemConfiguration.framework in Frameworks */,
				83F6EC1E1BCDDB96009E3C6E /* libWeChatSDK.a in Frameworks */,
				83F6EC241BCDEFFE009E3C6E /* TencentOpenAPI.framework in Frameworks */,
			);
			runOnlyForDeploymentPostprocessing = 0;
		};
		83F6EC071BCDDA3F009E3C6E /* Frameworks */ = {
			isa = PBXFrameworksBuildPhase;
			buildActionMask = 2147483647;
			files = (
			);
			runOnlyForDeploymentPostprocessing = 0;
		};
/* End PBXFrameworksBuildPhase section */

/* Begin PBXGroup section */
		83F6EBE81BCDDA3F009E3C6E = {
			isa = PBXGroup;
			children = (
				83F6EC331BCDF21E009E3C6E /* libstdc++.dylib */,
				83F6EC291BCDF1E9009E3C6E /* SystemConfiguration.framework */,
				83F6EBF31BCDDA3F009E3C6E /* QQWXShare */,
				83F6EC0D1BCDDA3F009E3C6E /* QQWXShareTests */,
				83F6EBF21BCDDA3F009E3C6E /* Products */,
			);
			sourceTree = "<group>";
		};
		83F6EBF21BCDDA3F009E3C6E /* Products */ = {
			isa = PBXGroup;
			children = (
				83F6EBF11BCDDA3F009E3C6E /* QQWXShare.app */,
				83F6EC0A1BCDDA3F009E3C6E /* QQWXShareTests.xctest */,
			);
			name = Products;
			sourceTree = "<group>";
		};
		83F6EBF31BCDDA3F009E3C6E /* QQWXShare */ = {
			isa = PBXGroup;
			children = (
				83F6EC231BCDEFFE009E3C6E /* TencentOpenAPI.framework */,
				83F6EC1A1BCDDB96009E3C6E /* SDKExport */,
				83F6EC1F1BCDEA49009E3C6E /* Icon.png */,
				83F6EBF81BCDDA3F009E3C6E /* AppDelegate.h */,
				83F6EBF91BCDDA3F009E3C6E /* AppDelegate.m */,
				83F6EBFB1BCDDA3F009E3C6E /* ViewController.h */,
				83F6EBFC1BCDDA3F009E3C6E /* ViewController.m */,
				83F6EBFE1BCDDA3F009E3C6E /* Main.storyboard */,
				83F6EC011BCDDA3F009E3C6E /* Images.xcassets */,
				83F6EC031BCDDA3F009E3C6E /* LaunchScreen.xib */,
				83F6EBF41BCDDA3F009E3C6E /* Supporting Files */,
			);
			path = QQWXShare;
			sourceTree = "<group>";
		};
		83F6EBF41BCDDA3F009E3C6E /* Supporting Files */ = {
			isa = PBXGroup;
			children = (
				83F6EBF51BCDDA3F009E3C6E /* Info.plist */,
				83F6EBF61BCDDA3F009E3C6E /* main.m */,
			);
			name = "Supporting Files";
			sourceTree = "<group>";
		};
		83F6EC0D1BCDDA3F009E3C6E /* QQWXShareTests */ = {
			isa = PBXGroup;
			children = (
				83F6EC101BCDDA3F009E3C6E /* QQWXShareTests.m */,
				83F6EC0E1BCDDA3F009E3C6E /* Supporting Files */,
			);
			path = QQWXShareTests;
			sourceTree = "<group>";
		};
		83F6EC0E1BCDDA3F009E3C6E /* Supporting Files */ = {
			isa = PBXGroup;
			children = (
				83F6EC0F1BCDDA3F009E3C6E /* Info.plist */,
			);
			name = "Supporting Files";
			sourceTree = "<group>";
		};
		83F6EC1A1BCDDB96009E3C6E /* SDKExport */ = {
			isa = PBXGroup;
			children = (
				83F6EC1B1BCDDB96009E3C6E /* libWeChatSDK.a */,
				83F6EC1C1BCDDB96009E3C6E /* WXApi.h */,
				83F6EC1D1BCDDB96009E3C6E /* WXApiObject.h */,
			);
			path = SDKExport;
			sourceTree = "<group>";
		};
/* End PBXGroup section */

/* Begin PBXNativeTarget section */
		83F6EBF01BCDDA3F009E3C6E /* QQWXShare */ = {
			isa = PBXNativeTarget;
			buildConfigurationList = 83F6EC141BCDDA3F009E3C6E /* Build configuration list for PBXNativeTarget "QQWXShare" */;
			buildPhases = (
				83F6EBED1BCDDA3F009E3C6E /* Sources */,
				83F6EBEE1BCDDA3F009E3C6E /* Frameworks */,
				83F6EBEF1BCDDA3F009E3C6E /* Resources */,
			);
			buildRules = (
			);
			dependencies = (
			);
			name = QQWXShare;
			productName = QQWXShare;
			productReference = 83F6EBF11BCDDA3F009E3C6E /* QQWXShare.app */;
			productType = "com.apple.product-type.application";
		};
		83F6EC091BCDDA3F009E3C6E /* QQWXShareTests */ = {
			isa = PBXNativeTarget;
			buildConfigurationList = 83F6EC171BCDDA3F009E3C6E /* Build configuration list for PBXNativeTarget "QQWXShareTests" */;
			buildPhases = (
				83F6EC061BCDDA3F009E3C6E /* Sources */,
				83F6EC071BCDDA3F009E3C6E /* Frameworks */,
				83F6EC081BCDDA3F009E3C6E /* Resources */,
			);
			buildRules = (
			);
			dependencies = (
				83F6EC0C1BCDDA3F009E3C6E /* PBXTargetDependency */,
			);
			name = QQWXShareTests;
			productName = QQWXShareTests;
			productReference = 83F6EC0A1BCDDA3F009E3C6E /* QQWXShareTests.xctest */;
			productType = "com.apple.product-type.bundle.unit-test";
		};
/* End PBXNativeTarget section */

/* Begin PBXProject section */
		83F6EBE91BCDDA3F009E3C6E /* Project object */ = {
			isa = PBXProject;
			attributes = {
				LastUpgradeCheck = 0640;
				ORGANIZATIONNAME = Jesee;
				TargetAttributes = {
					83F6EBF01BCDDA3F009E3C6E = {
						CreatedOnToolsVersion = 6.4;
					};
					83F6EC091BCDDA3F009E3C6E = {
						CreatedOnToolsVersion = 6.4;
						TestTargetID = 83F6EBF01BCDDA3F009E3C6E;
					};
				};
			};
			buildConfigurationList = 83F6EBEC1BCDDA3F009E3C6E /* Build configuration list for PBXProject "QQWXShare" */;
			compatibilityVersion = "Xcode 3.2";
			developmentRegion = English;
			hasScannedForEncodings = 0;
			knownRegions = (
				en,
				Base,
			);
			mainGroup = 83F6EBE81BCDDA3F009E3C6E;
			productRefGroup = 83F6EBF21BCDDA3F009E3C6E /* Products */;
			projectDirPath = "";
			projectRoot = "";
			targets = (
				83F6EBF01BCDDA3F009E3C6E /* QQWXShare */,
				83F6EC091BCDDA3F009E3C6E /* QQWXShareTests */,
			);
		};
/* End PBXProject section */

/* Begin PBXResourcesBuildPhase section */
		83F6EBEF1BCDDA3F009E3C6E /* Resources */ = {
			isa = PBXResourcesBuildPhase;
			buildActionMask = 2147483647;
			files = (
				83F6EC001BCDDA3F009E3C6E /* Main.storyboard in Resources */,
				83F6EC201BCDEA49009E3C6E /* Icon.png in Resources */,
				83F6EC051BCDDA3F009E3C6E /* LaunchScreen.xib in Resources */,
				83F6EC021BCDDA3F009E3C6E /* Images.xcassets in Resources */,
			);
			runOnlyForDeploymentPostprocessing = 0;
		};
		83F6EC081BCDDA3F009E3C6E /* Resources */ = {
			isa = PBXResourcesBuildPhase;
			buildActionMask = 2147483647;
			files = (
			);
			runOnlyForDeploymentPostprocessing = 0;
		};
/* End PBXResourcesBuildPhase section */

/* Begin PBXSourcesBuildPhase section */
		83F6EBED1BCDDA3F009E3C6E /* Sources */ = {
			isa = PBXSourcesBuildPhase;
			buildActionMask = 2147483647;
			files = (
				83F6EBFD1BCDDA3F009E3C6E /* ViewController.m in Sources */,
				83F6EBFA1BCDDA3F009E3C6E /* AppDelegate.m in Sources */,
				83F6EBF71BCDDA3F009E3C6E /* main.m in Sources */,
			);
			runOnlyForDeploymentPostprocessing = 0;
		};
		83F6EC061BCDDA3F009E3C6E /* Sources */ = {
			isa = PBXSourcesBuildPhase;
			buildActionMask = 2147483647;
			files = (
				83F6EC111BCDDA3F009E3C6E /* QQWXShareTests.m in Sources */,
			);
			runOnlyForDeploymentPostprocessing = 0;
		};
/* End PBXSourcesBuildPhase section */

/* Begin PBXTargetDependency section */
		83F6EC0C1BCDDA3F009E3C6E /* PBXTargetDependency */ = {
			isa = PBXTargetDependency;
			target = 83F6EBF01BCDDA3F009E3C6E /* QQWXShare */;
			targetProxy = 83F6EC0B1BCDDA3F009E3C6E /* PBXContainerItemProxy */;
		};
/* End PBXTargetDependency section */

/* Begin PBXVariantGroup section */
		83F6EBFE1BCDDA3F009E3C6E /* Main.storyboard */ = {
			isa = PBXVariantGroup;
			children = (
				83F6EBFF1BCDDA3F009E3C6E /* Base */,
			);
			name = Main.storyboard;
			sourceTree = "<group>";
		};
		83F6EC031BCDDA3F009E3C6E /* LaunchScreen.xib */ = {
			isa = PBXVariantGroup;
			children = (
				83F6EC041BCDDA3F009E3C6E /* Base */,
			);
			name = LaunchScreen.xib;
			sourceTree = "<group>";
		};
/* End PBXVariantGroup section */

/* Begin XCBuildConfiguration section */
		83F6EC121BCDDA3F009E3C6E /* Debug */ = {
			isa = XCBuildConfiguration;
			buildSettings = {
				ALWAYS_SEARCH_USER_PATHS = NO;
				CLANG_CXX_LANGUAGE_STANDARD = "gnu++0x";
				CLANG_CXX_LIBRARY = "libc++";
				CLANG_ENABLE_MODULES = YES;
				CLANG_ENABLE_OBJC_ARC = YES;
				CLANG_WARN_BOOL_CONVERSION = YES;
				CLANG_WARN_CONSTANT_CONVERSION = YES;
				CLANG_WARN_DIRECT_OBJC_ISA_USAGE = YES_ERROR;
				CLANG_WARN_EMPTY_BODY = YES;
				CLANG_WARN_ENUM_CONVERSION = YES;
				CLANG_WARN_INT_CONVERSION = YES;
				CLANG_WARN_OBJC_ROOT_CLASS = YES_ERROR;
				CLANG_WARN_UNREACHABLE_CODE = YES;
				CLANG_WARN__DUPLICATE_METHOD_MATCH = YES;
				"CODE_SIGN_IDENTITY[sdk=iphoneos*]" = "iPhone Developer";
				COPY_PHASE_STRIP = NO;
				DEBUG_INFORMATION_FORMAT = "dwarf-with-dsym";
				ENABLE_STRICT_OBJC_MSGSEND = YES;
				GCC_C_LANGUAGE_STANDARD = gnu99;
				GCC_DYNAMIC_NO_PIC = NO;
				GCC_NO_COMMON_BLOCKS = YES;
				GCC_OPTIMIZATION_LEVEL = 0;
				GCC_PREPROCESSOR_DEFINITIONS = (
					"DEBUG=1",
					"$(inherited)",
				);
				GCC_SYMBOLS_PRIVATE_EXTERN = NO;
				GCC_WARN_64_TO_32_BIT_CONVERSION = YES;
				GCC_WARN_ABOUT_RETURN_TYPE = YES_ERROR;
				GCC_WARN_UNDECLARED_SELECTOR = YES;
				GCC_WARN_UNINITIALIZED_AUTOS = YES_AGGRESSIVE;
				GCC_WARN_UNUSED_FUNCTION = YES;
				GCC_WARN_UNUSED_VARIABLE = YES;
				IPHONEOS_DEPLOYMENT_TARGET = 8.4;
				MTL_ENABLE_DEBUG_INFO = YES;
				ONLY_ACTIVE_ARCH = YES;
				SDKROOT = iphoneos;
			};
			name = Debug;
		};
		83F6EC131BCDDA3F009E3C6E /* Release */ = {
			isa = XCBuildConfiguration;
			buildSettings = {
				ALWAYS_SEARCH_USER_PATHS = NO;
				CLANG_CXX_LANGUAGE_STANDARD = "gnu++0x";
				CLANG_CXX_LIBRARY = "libc++";
				CLANG_ENABLE_MODULES = YES;
				CLANG_ENABLE_OBJC_ARC = YES;
				CLANG_WARN_BOOL_CONVERSION = YES;
				CLANG_WARN_CONSTANT_CONVERSION = YES;
				CLANG_WARN_DIRECT_OBJC_ISA_USAGE = YES_ERROR;
				CLANG_WARN_EMPTY_BODY = YES;
				CLANG_WARN_ENUM_CONVERSION = YES;
				CLANG_WARN_INT_CONVERSION = YES;
				CLANG_WARN_OBJC_ROOT_CLASS = YES_ERROR;
				CLANG_WARN_UNREACHABLE_CODE = YES;
				CLANG_WARN__DUPLICATE_METHOD_MATCH = YES;
				"CODE_SIGN_IDENTITY[sdk=iphoneos*]" = "iPhone Developer";
				COPY_PHASE_STRIP = NO;
				DEBUG_INFORMATION_FORMAT = "dwarf-with-dsym";
				ENABLE_NS_ASSERTIONS = NO;
				ENABLE_STRICT_OBJC_MSGSEND = YES;
				GCC_C_LANGUAGE_STANDARD = gnu99;
				GCC_NO_COMMON_BLOCKS = YES;
				GCC_WARN_64_TO_32_BIT_CONVERSION = YES;
				GCC_WARN_ABOUT_RETURN_TYPE = YES_ERROR;
				GCC_WARN_UNDECLARED_SELECTOR = YES;
				GCC_WARN_UNINITIALIZED_AUTOS = YES_AGGRESSIVE;
				GCC_WARN_UNUSED_FUNCTION = YES;
				GCC_WARN_UNUSED_VARIABLE = YES;
				IPHONEOS_DEPLOYMENT_TARGET = 8.4;
				MTL_ENABLE_DEBUG_INFO = NO;
				SDKROOT = iphoneos;
				VALIDATE_PRODUCT = YES;
			};
			name = Release;
		};
		83F6EC151BCDDA3F009E3C6E /* Debug */ = {
			isa = XCBuildConfiguration;
			buildSettings = {
				ASSETCATALOG_COMPILER_APPICON_NAME = AppIcon;
				FRAMEWORK_SEARCH_PATHS = (
					"$(inherited)",
					"$(PROJECT_DIR)/QQWXShare",
				);
				INFOPLIST_FILE = QQWXShare/Info.plist;
				LD_RUNPATH_SEARCH_PATHS = "$(inherited) @executable_path/Frameworks";
				LIBRARY_SEARCH_PATHS = (
					"$(inherited)",
					"$(PROJECT_DIR)/QQWXShare/SDKExport",
				);
				PRODUCT_NAME = "$(TARGET_NAME)";
			};
			name = Debug;
		};
		83F6EC161BCDDA3F009E3C6E /* Release */ = {
			isa = XCBuildConfiguration;
			buildSettings = {
				ASSETCATALOG_COMPILER_APPICON_NAME = AppIcon;
				FRAMEWORK_SEARCH_PATHS = (
					"$(inherited)",
					"$(PROJECT_DIR)/QQWXShare",
				);
				INFOPLIST_FILE = QQWXShare/Info.plist;
				LD_RUNPATH_SEARCH_PATHS = "$(inherited) @executable_path/Frameworks";
				LIBRARY_SEARCH_PATHS = (
					"$(inherited)",
					"$(PROJECT_DIR)/QQWXShare/SDKExport",
				);
				PRODUCT_NAME = "$(TARGET_NAME)";
			};
			name = Release;
		};
		83F6EC181BCDDA3F009E3C6E /* Debug */ = {
			isa = XCBuildConfiguration;
			buildSettings = {
				BUNDLE_LOADER = "$(TEST_HOST)";
				FRAMEWORK_SEARCH_PATHS = (
					"$(SDKROOT)/Developer/Library/Frameworks",
					"$(inherited)",
				);
				GCC_PREPROCESSOR_DEFINITIONS = (
					"DEBUG=1",
					"$(inherited)",
				);
				INFOPLIST_FILE = QQWXShareTests/Info.plist;
				LD_RUNPATH_SEARCH_PATHS = "$(inherited) @executable_path/Frameworks @loader_path/Frameworks";
				PRODUCT_NAME = "$(TARGET_NAME)";
				TEST_HOST = "$(BUILT_PRODUCTS_DIR)/QQWXShare.app/QQWXShare";
			};
			name = Debug;
		};
		83F6EC191BCDDA3F009E3C6E /* Release */ = {
			isa = XCBuildConfiguration;
			buildSettings = {
				BUNDLE_LOADER = "$(TEST_HOST)";
				FRAMEWORK_SEARCH_PATHS = (
					"$(SDKROOT)/Developer/Library/Frameworks",
					"$(inherited)",
				);
				INFOPLIST_FILE = QQWXShareTests/Info.plist;
				LD_RUNPATH_SEARCH_PATHS = "$(inherited) @executable_path/Frameworks @loader_path/Frameworks";
				PRODUCT_NAME = "$(TARGET_NAME)";
				TEST_HOST = "$(BUILT_PRODUCTS_DIR)/QQWXShare.app/QQWXShare";
			};
			name = Release;
		};
/* End XCBuildConfiguration section */

/* Begin XCConfigurationList section */
		83F6EBEC1BCDDA3F009E3C6E /* Build configuration list for PBXProject "QQWXShare" */ = {
			isa = XCConfigurationList;
			buildConfigurations = (
				83F6EC121BCDDA3F009E3C6E /* Debug */,
				83F6EC131BCDDA3F009E3C6E /* Release */,
			);
			defaultConfigurationIsVisible = 0;
			defaultConfigurationName = Release;
		};
		83F6EC141BCDDA3F009E3C6E /* Build configuration list for PBXNativeTarget "QQWXShare" */ = {
			isa = XCConfigurationList;
			buildConfigurations = (
				83F6EC151BCDDA3F009E3C6E /* Debug */,
				83F6EC161BCDDA3F009E3C6E /* Release */,
			);
			defaultConfigurationIsVisible = 0;
			defaultConfigurationName = Release;
		};
		83F6EC171BCDDA3F009E3C6E /* Build configuration list for PBXNativeTarget "QQWXShareTests" */ = {
			isa = XCConfigurationList;
			buildConfigurations = (
				83F6EC181BCDDA3F009E3C6E /* Debug */,
				83F6EC191BCDDA3F009E3C6E /* Release */,
			);
			defaultConfigurationIsVisible = 0;
			defaultConfigurationName = Release;
		};
/* End XCConfigurationList section */
	};
	rootObject = 83F6EBE91BCDDA3F009E3C6E /* Project object */;
}
